{
  "name": "@brycemarshall/autocomplete-ionic",
  "version": "1.0.2",
  "lockfileVersion": 1,
  "requires": true,
  "dependencies": {
    "@brycemarshall/autocomplete-angular": {
      "version": "1.0.2",
      "resolved": "https://registry.npmjs.org/@brycemarshall/autocomplete-angular/-/autocomplete-angular-1.0.2.tgz",
      "integrity": "sha512-FL/jnOZmT/V5bS+ee+g/mEe6b+VHVST4dC8DXnFLslFGmTPCw3NrPPqihFiloNhl7kX5Ai50Gpz6A3z3VTiGMw==",
      "requires": {
        "@brycemarshall/exception": "1.1.3",
        "@brycemarshall/scroll-listener": "2.1.1"
      }
    },
    "@brycemarshall/event-throttle": {
      "version": "1.0.3",
      "resolved": "https://registry.npmjs.org/@brycemarshall/event-throttle/-/event-throttle-1.0.3.tgz",
      "integrity": "sha512-C2ciPboZdM6crJ3D2lO6iXHF9WbSN4Y0dQK1MTh2k3QoUGpC5msVUOElQ/+P2X1Jn/5OgX0QtZDdOY2PF1qDYQ=="
    },
    "@brycemarshall/exception": {
      "version": "1.1.3",
      "resolved": "https://registry.npmjs.org/@brycemarshall/exception/-/exception-1.1.3.tgz",
      "integrity": "sha512-wLtYVnadrjvkxOqtP0z3ohHZku0UizPK3C2BSZ1XYz24NBZzwQj26jdvxZJpKnuv31g5XBAvfVr05Qijmk5b0g==",
      "requires": {
        "@brycemarshall/simple-exception": "1.0.0",
        "@brycemarshall/string-format": "1.0.2"
      }
    },
    "@brycemarshall/scroll-listener": {
      "version": "2.1.1",
      "resolved": "https://registry.npmjs.org/@brycemarshall/scroll-listener/-/scroll-listener-2.1.1.tgz",
      "integrity": "sha512-3mzCTk0+iFDOnsRd/AwNX5mOj7ucy1tAkWCZnjf4PnRrHaeUOW7e7AUQZZYrWJreed0+NsrT3qhAMTzLyIX7Bw==",
      "requires": {
        "@brycemarshall/event-throttle": "1.0.3"
      }
    },
    "@brycemarshall/simple-exception": {
      "version": "1.0.0",
      "resolved": "https://registry.npmjs.org/@brycemarshall/simple-exception/-/simple-exception-1.0.0.tgz",
      "integrity": "sha512-M0ERKjdfeThlhI3+qGUo5LqR/bHWOkDjK3ch+A/L2TlUn18lKu1554VZPcK+zFdNYbb1ArLPWfzg/2MJ2Lq+0Q=="
    },
    "@brycemarshall/string-format": {
      "version": "1.0.2",
      "resolved": "https://registry.npmjs.org/@brycemarshall/string-format/-/string-format-1.0.2.tgz",
      "integrity": "sha512-SEiHyN4JNvSo8LmgigNOsR4LUuKCbx5LXIL+DXp+zgafeO9w81ZQMIFw0eIp2L8DId2OkMqhBbTTiH8KtsZt7g=="
    }
  }
}
